// !$*UTF8*$!
{
	archiveVersion = 1;
	classes = {
	};
	objectVersion = 46;
	objects = {

/* Begin PBXBuildFile section */
		ACC8D8591E6A23B5008FF5EB /* main.m in Sources */ = {isa = PBXBuildFile; fileRef = ACC8D8581E6A23B5008FF5EB /* main.m */; };
		ACC8D8611E6A2494008FF5EB /* Atleta.m in Sources */ = {isa = PBXBuildFile; fileRef = ACC8D8601E6A2494008FF5EB /* Atleta.m */; };
/* End PBXBuildFile section */

/* Begin PBXCopyFilesBuildPhase section */
		ACC8D8531E6A23B5008FF5EB /* CopyFiles */ = {
			isa = PBXCopyFilesBuildPhase;
			buildActionMask = 2147483647;
			dstPath = /usr/share/man/man1/;
			dstSubfolderSpec = 0;
			files = (
			);
			runOnlyForDeploymentPostprocessing = 1;
		};
/* End PBXCopyFilesBuildPhase section */

/* Begin PBXFileReference section */
		ACC8D8551E6A23B5008FF5EB /* ClasseExemplo */ = {isa = PBXFileReference; explicitFileType = "compiled.mach-o.executable"; includeInIndex = 0; path = ClasseExemplo; sourceTree = BUILT_PRODUCTS_DIR; };
		ACC8D8581E6A23B5008FF5EB /* main.m */ = {isa = PBXFileReference; lastKnownFileType = sourcecode.c.objc; path = main.m; sourceTree = "<group>"; };
		ACC8D85F1E6A2494008FF5EB /* Atleta.h */ = {isa = PBXFileReference; fileEncoding = 4; lastKnownFileType = sourcecode.c.h; path = Atleta.h; sourceTree = "<group>"; };
		ACC8D8601E6A2494008FF5EB /* Atleta.m */ = {isa = PBXFileReference; fileEncoding = 4; lastKnownFileType = sourcecode.c.objc; path = Atleta.m; sourceTree = "<group>"; };
/* End PBXFileReference section */

/* Begin PBXFrameworksBuildPhase section */
		ACC8D8521E6A23B5008FF5EB /* Frameworks */ = {
			isa = PBXFrameworksBuildPhase;
			buildActionMask = 2147483647;
			files = (
			);
			runOnlyForDeploymentPostprocessing = 0;
		};
/* End PBXFrameworksBuildPhase section */

/* Begin PBXGroup section */
		ACC8D84C1E6A23B5008FF5EB = {
			isa = PBXGroup;
			children = (
				ACC8D8571E6A23B5008FF5EB /* ClasseExemplo */,
				ACC8D8561E6A23B5008FF5EB /* Products */,
			);
			sourceTree = "<group>";
		};
		ACC8D8561E6A23B5008FF5EB /* Products */ = {
			isa = PBXGroup;
			children = (
				ACC8D8551E6A23B5008FF5EB /* ClasseExemplo */,
			);
			name = Products;
			sourceTree = "<group>";
		};
		ACC8D8571E6A23B5008FF5EB /* ClasseExemplo */ = {
			isa = PBXGroup;
			children = (
				ACC8D8581E6A23B5008FF5EB /* main.m */,
				ACC8D85F1E6A2494008FF5EB /* Atleta.h */,
				ACC8D8601E6A2494008FF5EB /* Atleta.m */,
			);
			path = ClasseExemplo;
			sourceTree = "<group>";
		};
/* End PBXGroup section */

/* Begin PBXNativeTarget section */
		ACC8D8541E6A23B5008FF5EB /* ClasseExemplo */ = {
			isa = PBXNativeTarget;
			buildConfigurationList = ACC8D85C1E6A23B5008FF5EB /* Build configuration list for PBXNativeTarget "ClasseExemplo" */;
			buildPhases = (
				ACC8D8511E6A23B5008FF5EB /* Sources */,
				ACC8D8521E6A23B5008FF5EB /* Frameworks */,
				ACC8D8531E6A23B5008FF5EB /* CopyFiles */,
			);
			buildRules = (
			);
			dependencies = (
			);
			name = ClasseExemplo;
			productName = ClasseExemplo;
			productReference = ACC8D8551E6A23B5008FF5EB /* ClasseExemplo */;
			productType = "com.apple.product-type.tool";
		};
/* End PBXNativeTarget section */

/* Begin PBXProject section */
		ACC8D84D1E6A23B5008FF5EB /* Project object */ = {
			isa = PBXProject;
			attributes = {
				LastUpgradeCheck = 0810;
				ORGANIZATIONNAME = Christian;
				TargetAttributes = {
					ACC8D8541E6A23B5008FF5EB = {
						CreatedOnToolsVersion = 8.1;
						ProvisioningStyle = Automatic;
					};
				};
			};
			buildConfigurationList = ACC8D8501E6A23B5008FF5EB /* Build configuration list for PBXProject "ClasseExemplo" */;
			compatibilityVersion = "Xcode 3.2";
			developmentRegion = English;
			hasScannedForEncodings = 0;
			knownRegions = (
				en,
			);
			mainGroup = ACC8D84C1E6A23B5008FF5EB;
			productRefGroup = ACC8D8561E6A23B5008FF5EB /* Products */;
			projectDirPath = "";
			projectRoot = "";
			targets = (
				ACC8D8541E6A23B5008FF5EB /* ClasseExemplo */,
			);
		};
/* End PBXProject section */

/* Begin PBXSourcesBuildPhase section */
		ACC8D8511E6A23B5008FF5EB /* Sources */ = {
			isa = PBXSourcesBuildPhase;
			buildActionMask = 2147483647;
			files = (
				ACC8D8611E6A2494008FF5EB /* Atleta.m in Sources */,
				ACC8D8591E6A23B5008FF5EB /* main.m in Sources */,
			);
			runOnlyForDeploymentPostprocessing = 0;
		};
/* End PBXSourcesBuildPhase section */

/* Begin XCBuildConfiguration section */
		ACC8D85A1E6A23B5008FF5EB /* Debug */ = {
			isa = XCBuildConfiguration;
			buildSettings = {
				ALWAYS_SEARCH_USER_PATHS = NO;
				CLANG_ANALYZER_NONNULL = YES;
				CLANG_CXX_LANGUAGE_STANDARD = "gnu++0x";
				CLANG_CXX_LIBRARY = "libc++";
				CLANG_ENABLE_MODULES = YES;
				CLANG_ENABLE_OBJC_ARC = YES;
				CLANG_WARN_BOOL_CONVERSION = YES;
				CLANG_WARN_CONSTANT_CONVERSION = YES;
				CLANG_WARN_DIRECT_OBJC_ISA_USAGE = YES_ERROR;
				CLANG_WARN_DOCUMENTATION_COMMENTS = YES;
				CLANG_WARN_EMPTY_BODY = YES;
				CLANG_WARN_ENUM_CONVERSION = YES;
				CLANG_WARN_INFINITE_RECURSION = YES;
				CLANG_WARN_INT_CONVERSION = YES;
				CLANG_WARN_OBJC_ROOT_CLASS = YES_ERROR;
				CLANG_WARN_SUSPICIOUS_MOVES = YES;
				CLANG_WARN_UNREACHABLE_CODE = YES;
				CLANG_WARN__DUPLICATE_METHOD_MATCH = YES;
				CODE_SIGN_IDENTITY = "-";
				COPY_PHASE_STRIP = NO;
				DEBUG_INFORMATION_FORMAT = dwarf;
				ENABLE_STRICT_OBJC_MSGSEND = YES;
				ENABLE_TESTABILITY = YES;
				GCC_C_LANGUAGE_STANDARD = gnu99;
				GCC_DYNAMIC_NO_PIC = NO;
				GCC_NO_COMMON_BLOCKS = YES;
				GCC_OPTIMIZATION_LEVEL = 0;
				GCC_PREPROCESSOR_DEFINITIONS = (
					"DEBUG=1",
					"$(inherited)",
				);
				GCC_WARN_64_TO_32_BIT_CONVERSION = YES;
				GCC_WARN_ABOUT_RETURN_TYPE = YES_ERROR;
				GCC_WARN_UNDECLARED_SELECTOR = YES;
				GCC_WARN_UNINITIALIZED_AUTOS = YES_AGGRESSIVE;
				GCC_WARN_UNUSED_FUNCTION = YES;
				GCC_WARN_UNUSED_VARIABLE = YES;
				MACOSX_DEPLOYMENT_TARGET = 10.12;
				MTL_ENABLE_DEBUG_INFO = YES;
				ONLY_ACTIVE_ARCH = YES;
				SDKROOT = macosx;
			};
			name = Debug;
		};
		ACC8D85B1E6A23B5008FF5EB /* Release */ = {
			isa = XCBuildConfiguration;
			buildSettings = {
				ALWAYS_SEARCH_USER_PATHS = NO;
				CLANG_ANALYZER_NONNULL = YES;
				CLANG_CXX_LANGUAGE_STANDARD = "gnu++0x";
				CLANG_CXX_LIBRARY = "libc++";
				CLANG_ENABLE_MODULES = YES;
				CLANG_ENABLE_OBJC_ARC = YES;
				CLANG_WARN_BOOL_CONVERSION = YES;
				CLANG_WARN_CONSTANT_CONVERSION = YES;
				CLANG_WARN_DIRECT_OBJC_ISA_USAGE = YES_ERROR;
				CLANG_WARN_DOCUMENTATION_COMMENTS = YES;
				CLANG_WARN_EMPTY_BODY = YES;
				CLANG_WARN_ENUM_CONVERSION = YES;
				CLANG_WARN_INFINITE_RECURSION = YES;
				CLANG_WARN_INT_CONVERSION = YES;
				CLANG_WARN_OBJC_ROOT_CLASS = YES_ERROR;
				CLANG_WARN_SUSPICIOUS_MOVES = YES;
				CLANG_WARN_UNREACHABLE_CODE = YES;
				CLANG_WARN__DUPLICATE_METHOD_MATCH = YES;
				CODE_SIGN_IDENTITY = "-";
				COPY_PHASE_STRIP = NO;
				DEBUG_INFORMATION_FORMAT = "dwarf-with-dsym";
				ENABLE_NS_ASSERTIONS = NO;
				ENABLE_STRICT_OBJC_MSGSEND = YES;
				GCC_C_LANGUAGE_STANDARD = gnu99;
				GCC_NO_COMMON_BLOCKS = YES;
				GCC_WARN_64_TO_32_BIT_CONVERSION = YES;
				GCC_WARN_ABOUT_RETURN_TYPE = YES_ERROR;
				GCC_WARN_UNDECLARED_SELECTOR = YES;
				GCC_WARN_UNINITIALIZED_AUTOS = YES_AGGRESSIVE;
				GCC_WARN_UNUSED_FUNCTION = YES;
				GCC_WARN_UNUSED_VARIABLE = YES;
				MACOSX_DEPLOYMENT_TARGET = 10.12;
				MTL_ENABLE_DEBUG_INFO = NO;
				SDKROOT = macosx;
			};
			name = Release;
		};
		ACC8D85D1E6A23B5008FF5EB /* Debug */ = {
			isa = XCBuildConfiguration;
			buildSettings = {
				PRODUCT_NAME = "$(TARGET_NAME)";
			};
			name = Debug;
		};
		ACC8D85E1E6A23B5008FF5EB /* Release */ = {
			isa = XCBuildConfiguration;
			buildSettings = {
				PRODUCT_NAME = "$(TARGET_NAME)";
			};
			name = Release;
		};
/* End XCBuildConfiguration section */

/* Begin XCConfigurationList section */
		ACC8D8501E6A23B5008FF5EB /* Build configuration list for PBXProject "ClasseExemplo" */ = {
			isa = XCConfigurationList;
			buildConfigurations = (
				ACC8D85A1E6A23B5008FF5EB /* Debug */,
				ACC8D85B1E6A23B5008FF5EB /* Release */,
			);
			defaultConfigurationIsVisible = 0;
			defaultConfigurationName = Release;
		};
		ACC8D85C1E6A23B5008FF5EB /* Build configuration list for PBXNativeTarget "ClasseExemplo" */ = {
			isa = XCConfigurationList;
			buildConfigurations = (
				ACC8D85D1E6A23B5008FF5EB /* Debug */,
				ACC8D85E1E6A23B5008FF5EB /* Release */,
			);
			defaultConfigurationIsVisible = 0;
		};
/* End XCConfigurationList section */
	};
	rootObject = ACC8D84D1E6A23B5008FF5EB /* Project object */;
}
